<?xml version="1.0" encoding="utf-8"?>
<Project ToolsVersion="4.0" xmlns="http://schemas.microsoft.com/developer/msbuild/2003">
  <ItemGroup>
    <ClCompile Include="src\ofApp.cpp">
      <Filter>src</Filter>
    </ClCompile>
    <ClCompile Include="src\main.cpp">
      <Filter>src</Filter>
    </ClCompile>
    <ClCompile Include="src\ChordList.cpp">
      <Filter>src</Filter>
    </ClCompile>
    <ClCompile Include="src\Chroma.cpp">
      <Filter>src</Filter>
    </ClCompile>
    <ClCompile Include="src\Grid.cpp">
      <Filter>src</Filter>
    </ClCompile>
    <ClCompile Include="src\main.cpp">
      <Filter>src</Filter>
    </ClCompile>
    <ClCompile Include="src\ofApp.cpp">
      <Filter>src</Filter>
    </ClCompile>
    <ClCompile Include="src\PlayableChord.cpp">
      <Filter>src</Filter>
    </ClCompile>
    <ClCompile Include="src\ButtonZone.cpp">
      <Filter>src</Filter>
    </ClCompile>
    <ClCompile Include="src\ChordID.cpp">
      <Filter>src</Filter>
    </ClCompile>
  </ItemGroup>
  <ItemGroup>
    <Filter Include="src">
      <UniqueIdentifier>{d8376475-7454-4a24-b08a-aac121d3ad6f}</UniqueIdentifier>
    </Filter>
  </ItemGroup>
  <ItemGroup>
    <ClInclude Include="src\ofApp.h">
      <Filter>src</Filter>
    </ClInclude>
    <ClInclude Include="src\ChordList.h">
      <Filter>src</Filter>
    </ClInclude>
    <ClInclude Include="src\Chroma.h">
      <Filter>src</Filter>
    </ClInclude>
    <ClInclude Include="src\Constants.h">
      <Filter>src</Filter>
    </ClInclude>
    <ClInclude Include="src\Grid.h">
      <Filter>src</Filter>
    </ClInclude>
    <ClInclude Include="src\ofApp.h">
      <Filter>src</Filter>
    </ClInclude>
    <ClInclude Include="src\PlayableChord.h">
      <Filter>src</Filter>
    </ClInclude>
    <ClInclude Include="src\ButtonZone.h">
      <Filter>src</Filter>
    </ClInclude>
    <ClInclude Include="src\Smooth.h">
      <Filter>src</Filter>
    </ClInclude>
    <ClInclude Include="src\ChordID.h">
      <Filter>src</Filter>
    </ClInclude>
  </ItemGroup>
  <ItemGroup>
    <ResourceCompile Include="icon.rc" />
  </ItemGroup>
</Project>